
Microsoft Visual Studio Solution File, Format Version 12.00
# Visual Studio Version 16
VisualStudioVersion = 16.0.29009.5
MinimumVisualStudioVersion = 10.0.40219.1
Project("{FAE04EC0-301F-11D3-BF4B-00C04F79EFBC}") = "Tftp.Net.UnitTests", "Tftp.Net.UnitTests\Tftp.Net.UnitTests.csproj", "{DA4D3CE2-0495-431B-AEEF-E469DC127D5F}"
EndProject
Project("{FAE04EC0-301F-11D3-BF4B-00C04F79EFBC}") = "Tftp.Net.SampleServer", "Tftp.Net.SampleServer\Tftp.Net.SampleServer.csproj", "{43947662-85F3-4577-81D8-096323FE8345}"
EndProject
Project("{FAE04EC0-301F-11D3-BF4B-00C04F79EFBC}") = "Tftp.Net.SampleClient", "Tftp.Net.SampleClient\Tftp.Net.SampleClient.csproj", "{6F52C113-CC69-4CF8-8461-DF7D8DE010AD}"
EndProject
Project("{9A19103F-16F7-4668-BE54-9A1E7A4F7556}") = "Tftp.Net", "Tftp.Net\Tftp.Net.csproj", "{956B70D7-D569-421F-BFCC-BB1F3FDFD778}"
EndProject
Global
	GlobalSection(SolutionConfigurationPlatforms) = preSolution
		Debug|Any CPU = Debug|Any CPU
		Debug|Mixed Platforms = Debug|Mixed Platforms
		Debug|x86 = Debug|x86
		Release|Any CPU = Release|Any CPU
		Release|Mixed Platforms = Release|Mixed Platforms
		Release|x86 = Release|x86
	EndGlobalSection
	GlobalSection(ProjectConfigurationPlatforms) = postSolution
		{DA4D3CE2-0495-431B-AEEF-E469DC127D5F}.Debug|Any CPU.ActiveCfg = Debug|Any CPU
		{DA4D3CE2-0495-431B-AEEF-E469DC127D5F}.Debug|Any CPU.Build.0 = Debug|Any CPU
		{DA4D3CE2-0495-431B-AEEF-E469DC127D5F}.Debug|Mixed Platforms.ActiveCfg = Debug|Any CPU
		{DA4D3CE2-0495-431B-AEEF-E469DC127D5F}.Debug|Mixed Platforms.Build.0 = Debug|Any CPU
		{DA4D3CE2-0495-431B-AEEF-E469DC127D5F}.Debug|x86.ActiveCfg = Debug|Any CPU
		{DA4D3CE2-0495-431B-AEEF-E469DC127D5F}.Release|Any CPU.ActiveCfg = Release|Any CPU
		{DA4D3CE2-0495-431B-AEEF-E469DC127D5F}.Release|Any CPU.Build.0 = Release|Any CPU
		{DA4D3CE2-0495-431B-AEEF-E469DC127D5F}.Release|Mixed Platforms.ActiveCfg = Release|Any CPU
		{DA4D3CE2-0495-431B-AEEF-E469DC127D5F}.Release|Mixed Platforms.Build.0 = Release|Any CPU
		{DA4D3CE2-0495-431B-AEEF-E469DC127D5F}.Release|x86.ActiveCfg = Release|Any CPU
		{43947662-85F3-4577-81D8-096323FE8345}.Debug|Any CPU.ActiveCfg = Debug|Any CPU
		{43947662-85F3-4577-81D8-096323FE8345}.Debug|Any CPU.Build.0 = Debug|Any CPU
		{43947662-85F3-4577-81D8-096323FE8345}.Debug|Mixed Platforms.ActiveCfg = Debug|Any CPU
		{43947662-85F3-4577-81D8-096323FE8345}.Debug|Mixed Platforms.Build.0 = Debug|Any CPU
		{43947662-85F3-4577-81D8-096323FE8345}.Debug|x86.ActiveCfg = Debug|Any CPU
		{43947662-85F3-4577-81D8-096323FE8345}.Debug|x86.Build.0 = Debug|Any CPU
		{43947662-85F3-4577-81D8-096323FE8345}.Release|Any CPU.ActiveCfg = Release|Any CPU
		{43947662-85F3-4577-81D8-096323FE8345}.Release|Any CPU.Build.0 = Release|Any CPU
		{43947662-85F3-4577-81D8-096323FE8345}.Release|Mixed Platforms.ActiveCfg = Release|Any CPU
		{43947662-85F3-4577-81D8-096323FE8345}.Release|Mixed Platforms.Build.0 = Release|Any CPU
		{43947662-85F3-4577-81D8-096323FE8345}.Release|x86.ActiveCfg = Release|Any CPU
		{43947662-85F3-4577-81D8-096323FE8345}.Release|x86.Build.0 = Release|Any CPU
		{6F52C113-CC69-4CF8-8461-DF7D8DE010AD}.Debug|Any CPU.ActiveCfg = Debug|Any CPU
		{6F52C113-CC69-4CF8-8461-DF7D8DE010AD}.Debug|Any CPU.Build.0 = Debug|Any CPU
		{6F52C113-CC69-4CF8-8461-DF7D8DE010AD}.Debug|Mixed Platforms.ActiveCfg = Debug|Any CPU
		{6F52C113-CC69-4CF8-8461-DF7D8DE010AD}.Debug|Mixed Platforms.Build.0 = Debug|Any CPU
		{6F52C113-CC69-4CF8-8461-DF7D8DE010AD}.Debug|x86.ActiveCfg = Debug|Any CPU
		{6F52C113-CC69-4CF8-8461-DF7D8DE010AD}.Debug|x86.Build.0 = Debug|Any CPU
		{6F52C113-CC69-4CF8-8461-DF7D8DE010AD}.Release|Any CPU.ActiveCfg = Release|Any CPU
		{6F52C113-CC69-4CF8-8461-DF7D8DE010AD}.Release|Any CPU.Build.0 = Release|Any CPU
		{6F52C113-CC69-4CF8-8461-DF7D8DE010AD}.Release|Mixed Platforms.ActiveCfg = Release|Any CPU
		{6F52C113-CC69-4CF8-8461-DF7D8DE010AD}.Release|Mixed Platforms.Build.0 = Release|Any CPU
		{6F52C113-CC69-4CF8-8461-DF7D8DE010AD}.Release|x86.ActiveCfg = Release|Any CPU
		{6F52C113-CC69-4CF8-8461-DF7D8DE010AD}.Release|x86.Build.0 = Release|Any CPU
		{956B70D7-D569-421F-BFCC-BB1F3FDFD778}.Debug|Any CPU.ActiveCfg = Debug|Any CPU
		{956B70D7-D569-421F-BFCC-BB1F3FDFD778}.Debug|Any CPU.Build.0 = Debug|Any CPU
		{956B70D7-D569-421F-BFCC-BB1F3FDFD778}.Debug|Mixed Platforms.ActiveCfg = Debug|Any CPU
		{956B70D7-D569-421F-BFCC-BB1F3FDFD778}.Debug|Mixed Platforms.Build.0 = Debug|Any CPU
		{956B70D7-D569-421F-BFCC-BB1F3FDFD778}.Debug|x86.ActiveCfg = Debug|Any CPU
		{956B70D7-D569-421F-BFCC-BB1F3FDFD778}.Debug|x86.Build.0 = Debug|Any CPU
		{956B70D7-D569-421F-BFCC-BB1F3FDFD778}.Release|Any CPU.ActiveCfg = Release|Any CPU
		{956B70D7-D569-421F-BFCC-BB1F3FDFD778}.Release|Any CPU.Build.0 = Release|Any CPU
		{956B70D7-D569-421F-BFCC-BB1F3FDFD778}.Release|Mixed Platforms.ActiveCfg = Release|Any CPU
		{956B70D7-D569-421F-BFCC-BB1F3FDFD778}.Release|Mixed Platforms.Build.0 = Release|Any CPU
		{956B70D7-D569-421F-BFCC-BB1F3FDFD778}.Release|x86.ActiveCfg = Release|Any CPU
		{956B70D7-D569-421F-BFCC-BB1F3FDFD778}.Release|x86.Build.0 = Release|Any CPU
	EndGlobalSection
	GlobalSection(SolutionProperties) = preSolution
		HideSolutionNode = FALSE
	EndGlobalSection
	GlobalSection(ExtensibilityGlobals) = postSolution
		SolutionGuid = {7E9941C1-5836-454D-BFC1-9D41FB06142F}
	EndGlobalSection
EndGlobal
